// !$*UTF8*$!
{
	archiveVersion = 1;
	classes = {
	};
	objectVersion = 52;
	objects = {

/* Begin PBXBuildFile section */
		87B8826B268C58FB00223DA1 /* AppDelegate.swift in Sources */ = {isa = PBXBuildFile; fileRef = 87B8826A268C58FB00223DA1 /* AppDelegate.swift */; };
		87B8826D268C58FB00223DA1 /* SceneDelegate.swift in Sources */ = {isa = PBXBuildFile; fileRef = 87B8826C268C58FB00223DA1 /* SceneDelegate.swift */; };
		87B8826F268C58FB00223DA1 /* ViewController.swift in Sources */ = {isa = PBXBuildFile; fileRef = 87B8826E268C58FB00223DA1 /* ViewController.swift */; };
		87B88272268C58FB00223DA1 /* Main.storyboard in Resources */ = {isa = PBXBuildFile; fileRef = 87B88270268C58FB00223DA1 /* Main.storyboard */; };
		87B88274268C58FD00223DA1 /* Assets.xcassets in Resources */ = {isa = PBXBuildFile; fileRef = 87B88273268C58FD00223DA1 /* Assets.xcassets */; };
		87B88277268C58FD00223DA1 /* LaunchScreen.storyboard in Resources */ = {isa = PBXBuildFile; fileRef = 87B88275268C58FD00223DA1 /* LaunchScreen.storyboard */; };
		87B88282268C58FD00223DA1 /* BudgetPlanTests.swift in Sources */ = {isa = PBXBuildFile; fileRef = 87B88281268C58FD00223DA1 /* BudgetPlanTests.swift */; };
		87B8828D268C58FD00223DA1 /* BudgetPlanUITests.swift in Sources */ = {isa = PBXBuildFile; fileRef = 87B8828C268C58FD00223DA1 /* BudgetPlanUITests.swift */; };
		87B8829C268C605800223DA1 /* Realm in Frameworks */ = {isa = PBXBuildFile; productRef = 87B8829B268C605800223DA1 /* Realm */; };
		87B8829E268C605800223DA1 /* RealmSwift in Frameworks */ = {isa = PBXBuildFile; productRef = 87B8829D268C605800223DA1 /* RealmSwift */; };
/* End PBXBuildFile section */

/* Begin PBXContainerItemProxy section */
		87B8827E268C58FD00223DA1 /* PBXContainerItemProxy */ = {
			isa = PBXContainerItemProxy;
			containerPortal = 87B8825F268C58FB00223DA1 /* Project object */;
			proxyType = 1;
			remoteGlobalIDString = 87B88266268C58FB00223DA1;
			remoteInfo = BudgetPlan;
		};
		87B88289268C58FD00223DA1 /* PBXContainerItemProxy */ = {
			isa = PBXContainerItemProxy;
			containerPortal = 87B8825F268C58FB00223DA1 /* Project object */;
			proxyType = 1;
			remoteGlobalIDString = 87B88266268C58FB00223DA1;
			remoteInfo = BudgetPlan;
		};
/* End PBXContainerItemProxy section */

/* Begin PBXFileReference section */
		87B88267268C58FB00223DA1 /* BudgetPlan.app */ = {isa = PBXFileReference; explicitFileType = wrapper.application; includeInIndex = 0; path = BudgetPlan.app; sourceTree = BUILT_PRODUCTS_DIR; };
		87B8826A268C58FB00223DA1 /* AppDelegate.swift */ = {isa = PBXFileReference; lastKnownFileType = sourcecode.swift; path = AppDelegate.swift; sourceTree = "<group>"; };
		87B8826C268C58FB00223DA1 /* SceneDelegate.swift */ = {isa = PBXFileReference; lastKnownFileType = sourcecode.swift; path = SceneDelegate.swift; sourceTree = "<group>"; };
		87B8826E268C58FB00223DA1 /* ViewController.swift */ = {isa = PBXFileReference; lastKnownFileType = sourcecode.swift; path = ViewController.swift; sourceTree = "<group>"; };
		87B88271268C58FB00223DA1 /* Base */ = {isa = PBXFileReference; lastKnownFileType = file.storyboard; name = Base; path = Base.lproj/Main.storyboard; sourceTree = "<group>"; };
		87B88273268C58FD00223DA1 /* Assets.xcassets */ = {isa = PBXFileReference; lastKnownFileType = folder.assetcatalog; path = Assets.xcassets; sourceTree = "<group>"; };
		87B88276268C58FD00223DA1 /* Base */ = {isa = PBXFileReference; lastKnownFileType = file.storyboard; name = Base; path = Base.lproj/LaunchScreen.storyboard; sourceTree = "<group>"; };
		87B88278268C58FD00223DA1 /* Info.plist */ = {isa = PBXFileReference; lastKnownFileType = text.plist.xml; path = Info.plist; sourceTree = "<group>"; };
		87B8827D268C58FD00223DA1 /* BudgetPlanTests.xctest */ = {isa = PBXFileReference; explicitFileType = wrapper.cfbundle; includeInIndex = 0; path = BudgetPlanTests.xctest; sourceTree = BUILT_PRODUCTS_DIR; };
		87B88281268C58FD00223DA1 /* BudgetPlanTests.swift */ = {isa = PBXFileReference; lastKnownFileType = sourcecode.swift; path = BudgetPlanTests.swift; sourceTree = "<group>"; };
		87B88283268C58FD00223DA1 /* Info.plist */ = {isa = PBXFileReference; lastKnownFileType = text.plist.xml; path = Info.plist; sourceTree = "<group>"; };
		87B88288268C58FD00223DA1 /* BudgetPlanUITests.xctest */ = {isa = PBXFileReference; explicitFileType = wrapper.cfbundle; includeInIndex = 0; path = BudgetPlanUITests.xctest; sourceTree = BUILT_PRODUCTS_DIR; };
		87B8828C268C58FD00223DA1 /* BudgetPlanUITests.swift */ = {isa = PBXFileReference; lastKnownFileType = sourcecode.swift; path = BudgetPlanUITests.swift; sourceTree = "<group>"; };
		87B8828E268C58FD00223DA1 /* Info.plist */ = {isa = PBXFileReference; lastKnownFileType = text.plist.xml; path = Info.plist; sourceTree = "<group>"; };
/* End PBXFileReference section */

/* Begin PBXFrameworksBuildPhase section */
		87B88264268C58FB00223DA1 /* Frameworks */ = {
			isa = PBXFrameworksBuildPhase;
			buildActionMask = 2147483647;
			files = (
				87B8829E268C605800223DA1 /* RealmSwift in Frameworks */,
				87B8829C268C605800223DA1 /* Realm in Frameworks */,
			);
			runOnlyForDeploymentPostprocessing = 0;
		};
		87B8827A268C58FD00223DA1 /* Frameworks */ = {
			isa = PBXFrameworksBuildPhase;
			buildActionMask = 2147483647;
			files = (
			);
			runOnlyForDeploymentPostprocessing = 0;
		};
		87B88285268C58FD00223DA1 /* Frameworks */ = {
			isa = PBXFrameworksBuildPhase;
			buildActionMask = 2147483647;
			files = (
			);
			runOnlyForDeploymentPostprocessing = 0;
		};
/* End PBXFrameworksBuildPhase section */

/* Begin PBXGroup section */
		87B8825E268C58FB00223DA1 = {
			isa = PBXGroup;
			children = (
				87B88269268C58FB00223DA1 /* BudgetPlan */,
				87B88280268C58FD00223DA1 /* BudgetPlanTests */,
				87B8828B268C58FD00223DA1 /* BudgetPlanUITests */,
				87B88268268C58FB00223DA1 /* Products */,
			);
			sourceTree = "<group>";
		};
		87B88268268C58FB00223DA1 /* Products */ = {
			isa = PBXGroup;
			children = (
				87B88267268C58FB00223DA1 /* BudgetPlan.app */,
				87B8827D268C58FD00223DA1 /* BudgetPlanTests.xctest */,
				87B88288268C58FD00223DA1 /* BudgetPlanUITests.xctest */,
			);
			name = Products;
			sourceTree = "<group>";
		};
		87B88269268C58FB00223DA1 /* BudgetPlan */ = {
			isa = PBXGroup;
			children = (
				87B8826A268C58FB00223DA1 /* AppDelegate.swift */,
				87B8826C268C58FB00223DA1 /* SceneDelegate.swift */,
				87B8826E268C58FB00223DA1 /* ViewController.swift */,
				87B88270268C58FB00223DA1 /* Main.storyboard */,
				87B88273268C58FD00223DA1 /* Assets.xcassets */,
				87B88275268C58FD00223DA1 /* LaunchScreen.storyboard */,
				87B88278268C58FD00223DA1 /* Info.plist */,
			);
			path = BudgetPlan;
			sourceTree = "<group>";
		};
		87B88280268C58FD00223DA1 /* BudgetPlanTests */ = {
			isa = PBXGroup;
			children = (
				87B88281268C58FD00223DA1 /* BudgetPlanTests.swift */,
				87B88283268C58FD00223DA1 /* Info.plist */,
			);
			path = BudgetPlanTests;
			sourceTree = "<group>";
		};
		87B8828B268C58FD00223DA1 /* BudgetPlanUITests */ = {
			isa = PBXGroup;
			children = (
				87B8828C268C58FD00223DA1 /* BudgetPlanUITests.swift */,
				87B8828E268C58FD00223DA1 /* Info.plist */,
			);
			path = BudgetPlanUITests;
			sourceTree = "<group>";
		};
/* End PBXGroup section */

/* Begin PBXNativeTarget section */
		87B88266268C58FB00223DA1 /* BudgetPlan */ = {
			isa = PBXNativeTarget;
			buildConfigurationList = 87B88291268C58FD00223DA1 /* Build configuration list for PBXNativeTarget "BudgetPlan" */;
			buildPhases = (
				87B88263268C58FB00223DA1 /* Sources */,
				87B88264268C58FB00223DA1 /* Frameworks */,
				87B88265268C58FB00223DA1 /* Resources */,
			);
			buildRules = (
			);
			dependencies = (
			);
			name = BudgetPlan;
			packageProductDependencies = (
				87B8829B268C605800223DA1 /* Realm */,
				87B8829D268C605800223DA1 /* RealmSwift */,
			);
			productName = BudgetPlan;
			productReference = 87B88267268C58FB00223DA1 /* BudgetPlan.app */;
			productType = "com.apple.product-type.application";
		};
		87B8827C268C58FD00223DA1 /* BudgetPlanTests */ = {
			isa = PBXNativeTarget;
			buildConfigurationList = 87B88294268C58FD00223DA1 /* Build configuration list for PBXNativeTarget "BudgetPlanTests" */;
			buildPhases = (
				87B88279268C58FD00223DA1 /* Sources */,
				87B8827A268C58FD00223DA1 /* Frameworks */,
				87B8827B268C58FD00223DA1 /* Resources */,
			);
			buildRules = (
			);
			dependencies = (
				87B8827F268C58FD00223DA1 /* PBXTargetDependency */,
			);
			name = BudgetPlanTests;
			productName = BudgetPlanTests;
			productReference = 87B8827D268C58FD00223DA1 /* BudgetPlanTests.xctest */;
			productType = "com.apple.product-type.bundle.unit-test";
		};
		87B88287268C58FD00223DA1 /* BudgetPlanUITests */ = {
			isa = PBXNativeTarget;
			buildConfigurationList = 87B88297268C58FD00223DA1 /* Build configuration list for PBXNativeTarget "BudgetPlanUITests" */;
			buildPhases = (
				87B88284268C58FD00223DA1 /* Sources */,
				87B88285268C58FD00223DA1 /* Frameworks */,
				87B88286268C58FD00223DA1 /* Resources */,
			);
			buildRules = (
			);
			dependencies = (
				87B8828A268C58FD00223DA1 /* PBXTargetDependency */,
			);
			name = BudgetPlanUITests;
			productName = BudgetPlanUITests;
			productReference = 87B88288268C58FD00223DA1 /* BudgetPlanUITests.xctest */;
			productType = "com.apple.product-type.bundle.ui-testing";
		};
/* End PBXNativeTarget section */

/* Begin PBXProject section */
		87B8825F268C58FB00223DA1 /* Project object */ = {
			isa = PBXProject;
			attributes = {
				LastSwiftUpdateCheck = 1250;
				LastUpgradeCheck = 1250;
				TargetAttributes = {
					87B88266268C58FB00223DA1 = {
						CreatedOnToolsVersion = 12.5;
					};
					87B8827C268C58FD00223DA1 = {
						CreatedOnToolsVersion = 12.5;
						TestTargetID = 87B88266268C58FB00223DA1;
					};
					87B88287268C58FD00223DA1 = {
						CreatedOnToolsVersion = 12.5;
						TestTargetID = 87B88266268C58FB00223DA1;
					};
				};
			};
			buildConfigurationList = 87B88262268C58FB00223DA1 /* Build configuration list for PBXProject "BudgetPlan" */;
			compatibilityVersion = "Xcode 9.3";
			developmentRegion = en;
			hasScannedForEncodings = 0;
			knownRegions = (
				en,
				Base,
			);
			mainGroup = 87B8825E268C58FB00223DA1;
			packageReferences = (
				87B8829A268C605800223DA1 /* XCRemoteSwiftPackageReference "realm-cocoa" */,
			);
			productRefGroup = 87B88268268C58FB00223DA1 /* Products */;
			projectDirPath = "";
			projectRoot = "";
			targets = (
				87B88266268C58FB00223DA1 /* BudgetPlan */,
				87B8827C268C58FD00223DA1 /* BudgetPlanTests */,
				87B88287268C58FD00223DA1 /* BudgetPlanUITests */,
			);
		};
/* End PBXProject section */

/* Begin PBXResourcesBuildPhase section */
		87B88265268C58FB00223DA1 /* Resources */ = {
			isa = PBXResourcesBuildPhase;
			buildActionMask = 2147483647;
			files = (
				87B88277268C58FD00223DA1 /* LaunchScreen.storyboard in Resources */,
				87B88274268C58FD00223DA1 /* Assets.xcassets in Resources */,
				87B88272268C58FB00223DA1 /* Main.storyboard in Resources */,
			);
			runOnlyForDeploymentPostprocessing = 0;
		};
		87B8827B268C58FD00223DA1 /* Resources */ = {
			isa = PBXResourcesBuildPhase;
			buildActionMask = 2147483647;
			files = (
			);
			runOnlyForDeploymentPostprocessing = 0;
		};
		87B88286268C58FD00223DA1 /* Resources */ = {
			isa = PBXResourcesBuildPhase;
			buildActionMask = 2147483647;
			files = (
			);
			runOnlyForDeploymentPostprocessing = 0;
		};
/* End PBXResourcesBuildPhase section */

/* Begin PBXSourcesBuildPhase section */
		87B88263268C58FB00223DA1 /* Sources */ = {
			isa = PBXSourcesBuildPhase;
			buildActionMask = 2147483647;
			files = (
				87B8826F268C58FB00223DA1 /* ViewController.swift in Sources */,
				87B8826B268C58FB00223DA1 /* AppDelegate.swift in Sources */,
				87B8826D268C58FB00223DA1 /* SceneDelegate.swift in Sources */,
			);
			runOnlyForDeploymentPostprocessing = 0;
		};
		87B88279268C58FD00223DA1 /* Sources */ = {
			isa = PBXSourcesBuildPhase;
			buildActionMask = 2147483647;
			files = (
				87B88282268C58FD00223DA1 /* BudgetPlanTests.swift in Sources */,
			);
			runOnlyForDeploymentPostprocessing = 0;
		};
		87B88284268C58FD00223DA1 /* Sources */ = {
			isa = PBXSourcesBuildPhase;
			buildActionMask = 2147483647;
			files = (
				87B8828D268C58FD00223DA1 /* BudgetPlanUITests.swift in Sources */,
			);
			runOnlyForDeploymentPostprocessing = 0;
		};
/* End PBXSourcesBuildPhase section */

/* Begin PBXTargetDependency section */
		87B8827F268C58FD00223DA1 /* PBXTargetDependency */ = {
			isa = PBXTargetDependency;
			target = 87B88266268C58FB00223DA1 /* BudgetPlan */;
			targetProxy = 87B8827E268C58FD00223DA1 /* PBXContainerItemProxy */;
		};
		87B8828A268C58FD00223DA1 /* PBXTargetDependency */ = {
			isa = PBXTargetDependency;
			target = 87B88266268C58FB00223DA1 /* BudgetPlan */;
			targetProxy = 87B88289268C58FD00223DA1 /* PBXContainerItemProxy */;
		};
/* End PBXTargetDependency section */

/* Begin PBXVariantGroup section */
		87B88270268C58FB00223DA1 /* Main.storyboard */ = {
			isa = PBXVariantGroup;
			children = (
				87B88271268C58FB00223DA1 /* Base */,
			);
			name = Main.storyboard;
			sourceTree = "<group>";
		};
		87B88275268C58FD00223DA1 /* LaunchScreen.storyboard */ = {
			isa = PBXVariantGroup;
			children = (
				87B88276268C58FD00223DA1 /* Base */,
			);
			name = LaunchScreen.storyboard;
			sourceTree = "<group>";
		};
/* End PBXVariantGroup section */

/* Begin XCBuildConfiguration section */
		87B8828F268C58FD00223DA1 /* Debug */ = {
			isa = XCBuildConfiguration;
			buildSettings = {
				ALWAYS_SEARCH_USER_PATHS = NO;
				CLANG_ANALYZER_NONNULL = YES;
				CLANG_ANALYZER_NUMBER_OBJECT_CONVERSION = YES_AGGRESSIVE;
				CLANG_CXX_LANGUAGE_STANDARD = "gnu++14";
				CLANG_CXX_LIBRARY = "libc++";
				CLANG_ENABLE_MODULES = YES;
				CLANG_ENABLE_OBJC_ARC = YES;
				CLANG_ENABLE_OBJC_WEAK = YES;
				CLANG_WARN_BLOCK_CAPTURE_AUTORELEASING = YES;
				CLANG_WARN_BOOL_CONVERSION = YES;
				CLANG_WARN_COMMA = YES;
				CLANG_WARN_CONSTANT_CONVERSION = YES;
				CLANG_WARN_DEPRECATED_OBJC_IMPLEMENTATIONS = YES;
				CLANG_WARN_DIRECT_OBJC_ISA_USAGE = YES_ERROR;
				CLANG_WARN_DOCUMENTATION_COMMENTS = YES;
				CLANG_WARN_EMPTY_BODY = YES;
				CLANG_WARN_ENUM_CONVERSION = YES;
				CLANG_WARN_INFINITE_RECURSION = YES;
				CLANG_WARN_INT_CONVERSION = YES;
				CLANG_WARN_NON_LITERAL_NULL_CONVERSION = YES;
				CLANG_WARN_OBJC_IMPLICIT_RETAIN_SELF = YES;
				CLANG_WARN_OBJC_LITERAL_CONVERSION = YES;
				CLANG_WARN_OBJC_ROOT_CLASS = YES_ERROR;
				CLANG_WARN_QUOTED_INCLUDE_IN_FRAMEWORK_HEADER = YES;
				CLANG_WARN_RANGE_LOOP_ANALYSIS = YES;
				CLANG_WARN_STRICT_PROTOTYPES = YES;
				CLANG_WARN_SUSPICIOUS_MOVE = YES;
				CLANG_WARN_UNGUARDED_AVAILABILITY = YES_AGGRESSIVE;
				CLANG_WARN_UNREACHABLE_CODE = YES;
				CLANG_WARN__DUPLICATE_METHOD_MATCH = YES;
				COPY_PHASE_STRIP = NO;
				DEBUG_INFORMATION_FORMAT = dwarf;
				ENABLE_STRICT_OBJC_MSGSEND = YES;
				ENABLE_TESTABILITY = YES;
				GCC_C_LANGUAGE_STANDARD = gnu11;
				GCC_DYNAMIC_NO_PIC = NO;
				GCC_NO_COMMON_BLOCKS = YES;
				GCC_OPTIMIZATION_LEVEL = 0;
				GCC_PREPROCESSOR_DEFINITIONS = (
					"DEBUG=1",
					"$(inherited)",
				);
				GCC_WARN_64_TO_32_BIT_CONVERSION = YES;
				GCC_WARN_ABOUT_RETURN_TYPE = YES_ERROR;
				GCC_WARN_UNDECLARED_SELECTOR = YES;
				GCC_WARN_UNINITIALIZED_AUTOS = YES_AGGRESSIVE;
				GCC_WARN_UNUSED_FUNCTION = YES;
				GCC_WARN_UNUSED_VARIABLE = YES;
				IPHONEOS_DEPLOYMENT_TARGET = 14.5;
				MTL_ENABLE_DEBUG_INFO = INCLUDE_SOURCE;
				MTL_FAST_MATH = YES;
				ONLY_ACTIVE_ARCH = YES;
				SDKROOT = iphoneos;
				SWIFT_ACTIVE_COMPILATION_CONDITIONS = DEBUG;
				SWIFT_OPTIMIZATION_LEVEL = "-Onone";
			};
			name = Debug;
		};
		87B88290268C58FD00223DA1 /* Release */ = {
			isa = XCBuildConfiguration;
			buildSettings = {
				ALWAYS_SEARCH_USER_PATHS = NO;
				CLANG_ANALYZER_NONNULL = YES;
				CLANG_ANALYZER_NUMBER_OBJECT_CONVERSION = YES_AGGRESSIVE;
				CLANG_CXX_LANGUAGE_STANDARD = "gnu++14";
				CLANG_CXX_LIBRARY = "libc++";
				CLANG_ENABLE_MODULES = YES;
				CLANG_ENABLE_OBJC_ARC = YES;
				CLANG_ENABLE_OBJC_WEAK = YES;
				CLANG_WARN_BLOCK_CAPTURE_AUTORELEASING = YES;
				CLANG_WARN_BOOL_CONVERSION = YES;
				CLANG_WARN_COMMA = YES;
				CLANG_WARN_CONSTANT_CONVERSION = YES;
				CLANG_WARN_DEPRECATED_OBJC_IMPLEMENTATIONS = YES;
				CLANG_WARN_DIRECT_OBJC_ISA_USAGE = YES_ERROR;
				CLANG_WARN_DOCUMENTATION_COMMENTS = YES;
				CLANG_WARN_EMPTY_BODY = YES;
				CLANG_WARN_ENUM_CONVERSION = YES;
				CLANG_WARN_INFINITE_RECURSION = YES;
				CLANG_WARN_INT_CONVERSION = YES;
				CLANG_WARN_NON_LITERAL_NULL_CONVERSION = YES;
				CLANG_WARN_OBJC_IMPLICIT_RETAIN_SELF = YES;
				CLANG_WARN_OBJC_LITERAL_CONVERSION = YES;
				CLANG_WARN_OBJC_ROOT_CLASS = YES_ERROR;
				CLANG_WARN_QUOTED_INCLUDE_IN_FRAMEWORK_HEADER = YES;
				CLANG_WARN_RANGE_LOOP_ANALYSIS = YES;
				CLANG_WARN_STRICT_PROTOTYPES = YES;
				CLANG_WARN_SUSPICIOUS_MOVE = YES;
				CLANG_WARN_UNGUARDED_AVAILABILITY = YES_AGGRESSIVE;
				CLANG_WARN_UNREACHABLE_CODE = YES;
				CLANG_WARN__DUPLICATE_METHOD_MATCH = YES;
				COPY_PHASE_STRIP = NO;
				DEBUG_INFORMATION_FORMAT = "dwarf-with-dsym";
				ENABLE_NS_ASSERTIONS = NO;
				ENABLE_STRICT_OBJC_MSGSEND = YES;
				GCC_C_LANGUAGE_STANDARD = gnu11;
				GCC_NO_COMMON_BLOCKS = YES;
				GCC_WARN_64_TO_32_BIT_CONVERSION = YES;
				GCC_WARN_ABOUT_RETURN_TYPE = YES_ERROR;
				GCC_WARN_UNDECLARED_SELECTOR = YES;
				GCC_WARN_UNINITIALIZED_AUTOS = YES_AGGRESSIVE;
				GCC_WARN_UNUSED_FUNCTION = YES;
				GCC_WARN_UNUSED_VARIABLE = YES;
				IPHONEOS_DEPLOYMENT_TARGET = 14.5;
				MTL_ENABLE_DEBUG_INFO = NO;
				MTL_FAST_MATH = YES;
				SDKROOT = iphoneos;
				SWIFT_COMPILATION_MODE = wholemodule;
				SWIFT_OPTIMIZATION_LEVEL = "-O";
				VALIDATE_PRODUCT = YES;
			};
			name = Release;
		};
		87B88292268C58FD00223DA1 /* Debug */ = {
			isa = XCBuildConfiguration;
			buildSettings = {
				ASSETCATALOG_COMPILER_APPICON_NAME = AppIcon;
				ASSETCATALOG_COMPILER_GLOBAL_ACCENT_COLOR_NAME = AccentColor;
				CODE_SIGN_STYLE = Automatic;
				DEVELOPMENT_TEAM = X782HQT545;
				INFOPLIST_FILE = BudgetPlan/Info.plist;
				LD_RUNPATH_SEARCH_PATHS = (
					"$(inherited)",
					"@executable_path/Frameworks",
				);
				PRODUCT_BUNDLE_IDENTIFIER = pochi.BudgetPlan;
				PRODUCT_NAME = "$(TARGET_NAME)";
				SWIFT_VERSION = 5.0;
				TARGETED_DEVICE_FAMILY = "1,2";
			};
			name = Debug;
		};
		87B88293268C58FD00223DA1 /* Release */ = {
			isa = XCBuildConfiguration;
			buildSettings = {
				ASSETCATALOG_COMPILER_APPICON_NAME = AppIcon;
				ASSETCATALOG_COMPILER_GLOBAL_ACCENT_COLOR_NAME = AccentColor;
				CODE_SIGN_STYLE = Automatic;
				DEVELOPMENT_TEAM = X782HQT545;
				INFOPLIST_FILE = BudgetPlan/Info.plist;
				LD_RUNPATH_SEARCH_PATHS = (
					"$(inherited)",
					"@executable_path/Frameworks",
				);
				PRODUCT_BUNDLE_IDENTIFIER = pochi.BudgetPlan;
				PRODUCT_NAME = "$(TARGET_NAME)";
				SWIFT_VERSION = 5.0;
				TARGETED_DEVICE_FAMILY = "1,2";
			};
			name = Release;
		};
		87B88295268C58FD00223DA1 /* Debug */ = {
			isa = XCBuildConfiguration;
			buildSettings = {
				ALWAYS_EMBED_SWIFT_STANDARD_LIBRARIES = YES;
				BUNDLE_LOADER = "$(TEST_HOST)";
				CODE_SIGN_STYLE = Automatic;
				DEVELOPMENT_TEAM = X782HQT545;
				INFOPLIST_FILE = BudgetPlanTests/Info.plist;
				IPHONEOS_DEPLOYMENT_TARGET = 14.5;
				LD_RUNPATH_SEARCH_PATHS = (
					"$(inherited)",
					"@executable_path/Frameworks",
					"@loader_path/Frameworks",
				);
				PRODUCT_BUNDLE_IDENTIFIER = pochi.BudgetPlanTests;
				PRODUCT_NAME = "$(TARGET_NAME)";
				SWIFT_VERSION = 5.0;
				TARGETED_DEVICE_FAMILY = "1,2";
				TEST_HOST = "$(BUILT_PRODUCTS_DIR)/BudgetPlan.app/BudgetPlan";
			};
			name = Debug;
		};
		87B88296268C58FD00223DA1 /* Release */ = {
			isa = XCBuildConfiguration;
			buildSettings = {
				ALWAYS_EMBED_SWIFT_STANDARD_LIBRARIES = YES;
				BUNDLE_LOADER = "$(TEST_HOST)";
				CODE_SIGN_STYLE = Automatic;
				DEVELOPMENT_TEAM = X782HQT545;
				INFOPLIST_FILE = BudgetPlanTests/Info.plist;
				IPHONEOS_DEPLOYMENT_TARGET = 14.5;
				LD_RUNPATH_SEARCH_PATHS = (
					"$(inherited)",
					"@executable_path/Frameworks",
					"@loader_path/Frameworks",
				);
				PRODUCT_BUNDLE_IDENTIFIER = pochi.BudgetPlanTests;
				PRODUCT_NAME = "$(TARGET_NAME)";
				SWIFT_VERSION = 5.0;
				TARGETED_DEVICE_FAMILY = "1,2";
				TEST_HOST = "$(BUILT_PRODUCTS_DIR)/BudgetPlan.app/BudgetPlan";
			};
			name = Release;
		};
		87B88298268C58FD00223DA1 /* Debug */ = {
			isa = XCBuildConfiguration;
			buildSettings = {
				ALWAYS_EMBED_SWIFT_STANDARD_LIBRARIES = YES;
				CODE_SIGN_STYLE = Automatic;
				DEVELOPMENT_TEAM = X782HQT545;
				INFOPLIST_FILE = BudgetPlanUITests/Info.plist;
				LD_RUNPATH_SEARCH_PATHS = (
					"$(inherited)",
					"@executable_path/Frameworks",
					"@loader_path/Frameworks",
				);
				PRODUCT_BUNDLE_IDENTIFIER = pochi.BudgetPlanUITests;
				PRODUCT_NAME = "$(TARGET_NAME)";
				SWIFT_VERSION = 5.0;
				TARGETED_DEVICE_FAMILY = "1,2";
				TEST_TARGET_NAME = BudgetPlan;
			};
			name = Debug;
		};
		87B88299268C58FD00223DA1 /* Release */ = {
			isa = XCBuildConfiguration;
			buildSettings = {
				ALWAYS_EMBED_SWIFT_STANDARD_LIBRARIES = YES;
				CODE_SIGN_STYLE = Automatic;
				DEVELOPMENT_TEAM = X782HQT545;
				INFOPLIST_FILE = BudgetPlanUITests/Info.plist;
				LD_RUNPATH_SEARCH_PATHS = (
					"$(inherited)",
					"@executable_path/Frameworks",
					"@loader_path/Frameworks",
				);
				PRODUCT_BUNDLE_IDENTIFIER = pochi.BudgetPlanUITests;
				PRODUCT_NAME = "$(TARGET_NAME)";
				SWIFT_VERSION = 5.0;
				TARGETED_DEVICE_FAMILY = "1,2";
				TEST_TARGET_NAME = BudgetPlan;
			};
			name = Release;
		};
/* End XCBuildConfiguration section */

/* Begin XCConfigurationList section */
		87B88262268C58FB00223DA1 /* Build configuration list for PBXProject "BudgetPlan" */ = {
			isa = XCConfigurationList;
			buildConfigurations = (
				87B8828F268C58FD00223DA1 /* Debug */,
				87B88290268C58FD00223DA1 /* Release */,
			);
			defaultConfigurationIsVisible = 0;
			defaultConfigurationName = Release;
		};
		87B88291268C58FD00223DA1 /* Build configuration list for PBXNativeTarget "BudgetPlan" */ = {
			isa = XCConfigurationList;
			buildConfigurations = (
				87B88292268C58FD00223DA1 /* Debug */,
				87B88293268C58FD00223DA1 /* Release */,
			);
			defaultConfigurationIsVisible = 0;
			defaultConfigurationName = Release;
		};
		87B88294268C58FD00223DA1 /* Build configuration list for PBXNativeTarget "BudgetPlanTests" */ = {
			isa = XCConfigurationList;
			buildConfigurations = (
				87B88295268C58FD00223DA1 /* Debug */,
				87B88296268C58FD00223DA1 /* Release */,
			);
			defaultConfigurationIsVisible = 0;
			defaultConfigurationName = Release;
		};
		87B88297268C58FD00223DA1 /* Build configuration list for PBXNativeTarget "BudgetPlanUITests" */ = {
			isa = XCConfigurationList;
			buildConfigurations = (
				87B88298268C58FD00223DA1 /* Debug */,
				87B88299268C58FD00223DA1 /* Release */,
			);
			defaultConfigurationIsVisible = 0;
			defaultConfigurationName = Release;
		};
/* End XCConfigurationList section */

/* Begin XCRemoteSwiftPackageReference section */
		87B8829A268C605800223DA1 /* XCRemoteSwiftPackageReference "realm-cocoa" */ = {
			isa = XCRemoteSwiftPackageReference;
			repositoryURL = "https://github.com/realm/realm-cocoa";
			requirement = {
				kind = upToNextMajorVersion;
				minimumVersion = 10.8.1;
			};
		};
/* End XCRemoteSwiftPackageReference section */

/* Begin XCSwiftPackageProductDependency section */
		87B8829B268C605800223DA1 /* Realm */ = {
			isa = XCSwiftPackageProductDependency;
			package = 87B8829A268C605800223DA1 /* XCRemoteSwiftPackageReference "realm-cocoa" */;
			productName = Realm;
		};
		87B8829D268C605800223DA1 /* RealmSwift */ = {
			isa = XCSwiftPackageProductDependency;
			package = 87B8829A268C605800223DA1 /* XCRemoteSwiftPackageReference "realm-cocoa" */;
			productName = RealmSwift;
		};
/* End XCSwiftPackageProductDependency section */
	};
	rootObject = 87B8825F268C58FB00223DA1 /* Project object */;
}
